
Microsoft Visual Studio Solution File, Format Version 12.00
# Visual Studio Version 16
VisualStudioVersion = 16.0.30717.126
MinimumVisualStudioVersion = 10.0.40219.1
Project("{FAE04EC0-301F-11D3-BF4B-00C04F79EFBC}") = "ConsoleApp1", "ConsoleApp1.csproj", "{5418D0E5-3160-4CF0-97E3-8FFD02952923}"
EndProject
Global
	GlobalSection(SolutionConfigurationPlatforms) = preSolution
		Debug|Any CPU = Debug|Any CPU
		Release|Any CPU = Release|Any CPU
	EndGlobalSection
	GlobalSection(ProjectConfigurationPlatforms) = postSolution
		{5418D0E5-3160-4CF0-97E3-8FFD02952923}.Debug|Any CPU.ActiveCfg = Debug|Any CPU
		{5418D0E5-3160-4CF0-97E3-8FFD02952923}.Debug|Any CPU.Build.0 = Debug|Any CPU
		{5418D0E5-3160-4CF0-97E3-8FFD02952923}.Release|Any CPU.ActiveCfg = Release|Any CPU
		{5418D0E5-3160-4CF0-97E3-8FFD02952923}.Release|Any CPU.Build.0 = Release|Any CPU
	EndGlobalSection
	GlobalSection(SolutionProperties) = preSolution
		HideSolutionNode = FALSE
	EndGlobalSection
	GlobalSection(ExtensibilityGlobals) = postSolution
		SolutionGuid = {372FD936-78BB-4A38-A984-23FD7C19AAA8}
	EndGlobalSection
EndGlobal
